
Microsoft Visual Studio Solution File, Format Version 12.00
# Visual Studio Version 17
VisualStudioVersion = 17.4.33110.190
MinimumVisualStudioVersion = 10.0.40219.1
Project("{FAE04EC0-301F-11D3-BF4B-00C04F79EFBC}") = "ProductsAPI", "ProductsAPI.csproj", "{40B90E31-A285-4D34-98ED-A0E5ACE68CD1}"
EndProject
Global
	GlobalSection(SolutionConfigurationPlatforms) = preSolution
		Debug|Any CPU = Debug|Any CPU
		Release|Any CPU = Release|Any CPU
	EndGlobalSection
	GlobalSection(ProjectConfigurationPlatforms) = postSolution
		{40B90E31-A285-4D34-98ED-A0E5ACE68CD1}.Debug|Any CPU.ActiveCfg = Debug|Any CPU
		{40B90E31-A285-4D34-98ED-A0E5ACE68CD1}.Debug|Any CPU.Build.0 = Debug|Any CPU
		{40B90E31-A285-4D34-98ED-A0E5ACE68CD1}.Release|Any CPU.ActiveCfg = Release|Any CPU
		{40B90E31-A285-4D34-98ED-A0E5ACE68CD1}.Release|Any CPU.Build.0 = Release|Any CPU
	EndGlobalSection
	GlobalSection(SolutionProperties) = preSolution
		HideSolutionNode = FALSE
	EndGlobalSection
	GlobalSection(ExtensibilityGlobals) = postSolution
		SolutionGuid = {3085BDAF-5778-47C8-8B1A-D7174B80EA0E}
	EndGlobalSection
EndGlobal
